# This file is automatically @generated by Poetry 1.5.1 and should not be changed by hand.

[[package]]
name = "black"
version = "23.12.1"
description = "The uncompromising code formatter."
optional = false
python-versions = ">=3.8"
files = [
    {file = "black-23.12.1-cp310-cp310-macosx_10_9_x86_64.whl", hash = "sha256:e0aaf6041986767a5e0ce663c7a2f0e9eaf21e6ff87a5f95cbf3675bfd4c41d2"},
    {file = "black-23.12.1-cp310-cp310-macosx_11_0_arm64.whl", hash = "sha256:c88b3711d12905b74206227109272673edce0cb29f27e1385f33b0163c414bba"},
    {file = "black-23.12.1-cp310-cp310-manylinux_2_17_x86_64.manylinux2014_x86_64.whl", hash = "sha256:a920b569dc6b3472513ba6ddea21f440d4b4c699494d2e972a1753cdc25df7b0"},
    {file = "black-23.12.1-cp310-cp310-win_amd64.whl", hash = "sha256:3fa4be75ef2a6b96ea8d92b1587dd8cb3a35c7e3d51f0738ced0781c3aa3a5a3"},
    {file = "black-23.12.1-cp311-cp311-macosx_10_9_x86_64.whl", hash = "sha256:8d4df77958a622f9b5a4c96edb4b8c0034f8434032ab11077ec6c56ae9f384ba"},
    {file = "black-23.12.1-cp311-cp311-macosx_11_0_arm64.whl", hash = "sha256:602cfb1196dc692424c70b6507593a2b29aac0547c1be9a1d1365f0d964c353b"},
    {file = "black-23.12.1-cp311-cp311-manylinux_2_17_x86_64.manylinux2014_x86_64.whl", hash = "sha256:9c4352800f14be5b4864016882cdba10755bd50805c95f728011bcb47a4afd59"},
    {file = "black-23.12.1-cp311-cp311-win_amd64.whl", hash = "sha256:0808494f2b2df923ffc5723ed3c7b096bd76341f6213989759287611e9837d50"},
    {file = "black-23.12.1-cp312-cp312-macosx_10_9_x86_64.whl", hash = "sha256:25e57fd232a6d6ff3f4478a6fd0580838e47c93c83eaf1ccc92d4faf27112c4e"},
    {file = "black-23.12.1-cp312-cp312-macosx_11_0_arm64.whl", hash = "sha256:2d9e13db441c509a3763a7a3d9a49ccc1b4e974a47be4e08ade2a228876500ec"},
    {file = "black-23.12.1-cp312-cp312-manylinux_2_17_x86_64.manylinux2014_x86_64.whl", hash = "sha256:6d1bd9c210f8b109b1762ec9fd36592fdd528485aadb3f5849b2740ef17e674e"},
    {file = "black-23.12.1-cp312-cp312-win_amd64.whl", hash = "sha256:ae76c22bde5cbb6bfd211ec343ded2163bba7883c7bc77f6b756a1049436fbb9"},
    {file = "black-23.12.1-cp38-cp38-macosx_10_9_x86_64.whl", hash = "sha256:1fa88a0f74e50e4487477bc0bb900c6781dbddfdfa32691e780bf854c3b4a47f"},
    {file = "black-23.12.1-cp38-cp38-macosx_11_0_arm64.whl", hash = "sha256:a4d6a9668e45ad99d2f8ec70d5c8c04ef4f32f648ef39048d010b0689832ec6d"},
    {file = "black-23.12.1-cp38-cp38-manylinux_2_17_x86_64.manylinux2014_x86_64.whl", hash = "sha256:b18fb2ae6c4bb63eebe5be6bd869ba2f14fd0259bda7d18a46b764d8fb86298a"},
    {file = "black-23.12.1-cp38-cp38-win_amd64.whl", hash = "sha256:c04b6d9d20e9c13f43eee8ea87d44156b8505ca8a3c878773f68b4e4812a421e"},
    {file = "black-23.12.1-cp39-cp39-macosx_10_9_x86_64.whl", hash = "sha256:3e1b38b3135fd4c025c28c55ddfc236b05af657828a8a6abe5deec419a0b7055"},
    {file = "black-23.12.1-cp39-cp39-macosx_11_0_arm64.whl", hash = "sha256:4f0031eaa7b921db76decd73636ef3a12c942ed367d8c3841a0739412b260a54"},
    {file = "black-23.12.1-cp39-cp39-manylinux_2_17_x86_64.manylinux2014_x86_64.whl", hash = "sha256:97e56155c6b737854e60a9ab1c598ff2533d57e7506d97af5481141671abf3ea"},
    {file = "black-23.12.1-cp39-cp39-win_amd64.whl", hash = "sha256:dd15245c8b68fe2b6bd0f32c1556509d11bb33aec9b5d0866dd8e2ed3dba09c2"},
    {file = "black-23.12.1-py3-none-any.whl", hash = "sha256:78baad24af0f033958cad29731e27363183e140962595def56423e626f4bee3e"},
    {file = "black-23.12.1.tar.gz", hash = "sha256:4ce3ef14ebe8d9509188014d96af1c456a910d5b5cbf434a09fef7e024b3d0d5"},
]

[package.dependencies]
click = ">=8.0.0"
mypy-extensions = ">=0.4.3"
packaging = ">=22.0"
pathspec = ">=0.9.0"
platformdirs = ">=2"

[package.extras]
colorama = ["colorama (>=0.4.3)"]
d = ["aiohttp (>=3.7.4)", "aiohttp (>=3.7.4,!=3.9.0)"]
jupyter = ["ipython (>=7.8.0)", "tokenize-rt (>=3.2.0)"]
uvloop = ["uvloop (>=0.15.2)"]

[[package]]
name = "click"
version = "8.1.7"
description = "Composable command line interface toolkit"
optional = false
python-versions = ">=3.7"
files = [
    {file = "click-8.1.7-py3-none-any.whl", hash = "sha256:ae74fb96c20a0277a1d615f1e4d73c8414f5a98db8b799a7931d1582f3390c28"},
    {file = "click-8.1.7.tar.gz", hash = "sha256:ca9853ad459e787e2192211578cc907e7594e294c7ccc834310722b41b9ca6de"},
]

[package.dependencies]
colorama = {version = "*", markers = "platform_system == \"Windows\""}

[[package]]
name = "colorama"
version = "0.4.6"
description = "Cross-platform colored terminal text."
optional = false
python-versions = "!=3.0.*,!=3.1.*,!=3.2.*,!=3.3.*,!=3.4.*,!=3.5.*,!=3.6.*,>=2.7"
files = [
    {file = "colorama-0.4.6-py2.py3-none-any.whl", hash = "sha256:4f1d9991f5acc0ca119f9d443620b77f9d6b33703e51011c16baf57afb285fc6"},
    {file = "colorama-0.4.6.tar.gz", hash = "sha256:08695f5cb7ed6e0531a20572697297273c47b8cae5a63ffc6d6ed5c201be6e44"},
]

[[package]]
name = "cytoolz"
version = "0.12.3"
description = "Cython implementation of Toolz: High performance functional utilities"
optional = false
python-versions = ">=3.7"
files = [
    {file = "cytoolz-0.12.3-cp310-cp310-macosx_10_9_x86_64.whl", hash = "sha256:bbe58e26c84b163beba0fbeacf6b065feabc8f75c6d3fe305550d33f24a2d346"},
    {file = "cytoolz-0.12.3-cp310-cp310-macosx_11_0_arm64.whl", hash = "sha256:c51b66ada9bfdb88cf711bf350fcc46f82b83a4683cf2413e633c31a64df6201"},
    {file = "cytoolz-0.12.3-cp310-cp310-manylinux_2_17_aarch64.manylinux2014_aarch64.whl", hash = "sha256:e70d9c615e5c9dc10d279d1e32e846085fe1fd6f08d623ddd059a92861f4e3dd"},
    {file = "cytoolz-0.12.3-cp310-cp310-manylinux_2_17_ppc64le.manylinux2014_ppc64le.whl", hash = "sha256:a83f4532707963ae1a5108e51fdfe1278cc8724e3301fee48b9e73e1316de64f"},
    {file = "cytoolz-0.12.3-cp310-cp310-manylinux_2_17_s390x.manylinux2014_s390x.whl", hash = "sha256:d028044524ee2e815f36210a793c414551b689d4f4eda28f8bbb0883ad78bf5f"},
    {file = "cytoolz-0.12.3-cp310-cp310-manylinux_2_17_x86_64.manylinux2014_x86_64.whl", hash = "sha256:6c2875bcd1397d0627a09a4f9172fa513185ad302c63758efc15b8eb33cc2a98"},
    {file = "cytoolz-0.12.3-cp310-cp310-manylinux_2_5_i686.manylinux1_i686.manylinux_2_17_i686.manylinux2014_i686.whl", hash = "sha256:131ff4820e5d64a25d7ad3c3556f2d8aa65c66b3f021b03f8a8e98e4180dd808"},
    {file = "cytoolz-0.12.3-cp310-cp310-musllinux_1_1_aarch64.whl", hash = "sha256:04afa90d9d9d18394c40d9bed48c51433d08b57c042e0e50c8c0f9799735dcbd"},
    {file = "cytoolz-0.12.3-cp310-cp310-musllinux_1_1_i686.whl", hash = "sha256:dc1ca9c610425f9854323669a671fc163300b873731584e258975adf50931164"},
    {file = "cytoolz-0.12.3-cp310-cp310-musllinux_1_1_ppc64le.whl", hash = "sha256:bfa3f8e01bc423a933f2e1c510cbb0632c6787865b5242857cc955cae220d1bf"},
    {file = "cytoolz-0.12.3-cp310-cp310-musllinux_1_1_s390x.whl", hash = "sha256:f702e295dddef5f8af4a456db93f114539b8dc2a7a9bc4de7c7e41d169aa6ec3"},
    {file = "cytoolz-0.12.3-cp310-cp310-musllinux_1_1_x86_64.whl", hash = "sha256:0fbad1fb9bb47e827d00e01992a099b0ba79facf5e5aa453be066033232ac4b5"},
    {file = "cytoolz-0.12.3-cp310-cp310-win32.whl", hash = "sha256:8587c3c3dbe78af90c5025288766ac10dc2240c1e76eb0a93a4e244c265ccefd"},
    {file = "cytoolz-0.12.3-cp310-cp310-win_amd64.whl", hash = "sha256:9e45803d9e75ef90a2f859ef8f7f77614730f4a8ce1b9244375734567299d239"},
    {file = "cytoolz-0.12.3-cp311-cp311-macosx_10_9_x86_64.whl", hash = "sha256:3ac4f2fb38bbc67ff1875b7d2f0f162a247f43bd28eb7c9d15e6175a982e558d"},
    {file = "cytoolz-0.12.3-cp311-cp311-macosx_11_0_arm64.whl", hash = "sha256:0cf1e1e96dd86829a0539baf514a9c8473a58fbb415f92401a68e8e52a34ecd5"},
    {file = "cytoolz-0.12.3-cp311-cp311-manylinux_2_17_aarch64.manylinux2014_aarch64.whl", hash = "sha256:08a438701c6141dd34eaf92e9e9a1f66e23a22f7840ef8a371eba274477de85d"},
    {file = "cytoolz-0.12.3-cp311-cp311-manylinux_2_17_ppc64le.manylinux2014_ppc64le.whl", hash = "sha256:c6b6f11b0d7ed91be53166aeef2a23a799e636625675bb30818f47f41ad31821"},
    {file = "cytoolz-0.12.3-cp311-cp311-manylinux_2_17_s390x.manylinux2014_s390x.whl", hash = "sha256:a7fde09384d23048a7b4ac889063761e44b89a0b64015393e2d1d21d5c1f534a"},
    {file = "cytoolz-0.12.3-cp311-cp311-manylinux_2_17_x86_64.manylinux2014_x86_64.whl", hash = "sha256:6d3bfe45173cc8e6c76206be3a916d8bfd2214fb2965563e288088012f1dabfc"},
    {file = "cytoolz-0.12.3-cp311-cp311-manylinux_2_5_i686.manylinux1_i686.manylinux_2_17_i686.manylinux2014_i686.whl", hash = "sha256:27513a5d5b6624372d63313574381d3217a66e7a2626b056c695179623a5cb1a"},
    {file = "cytoolz-0.12.3-cp311-cp311-musllinux_1_1_aarch64.whl", hash = "sha256:d294e5e81ff094fe920fd545052ff30838ea49f9e91227a55ecd9f3ca19774a0"},
    {file = "cytoolz-0.12.3-cp311-cp311-musllinux_1_1_i686.whl", hash = "sha256:727b01a2004ddb513496507a695e19b5c0cfebcdfcc68349d3efd92a1c297bf4"},
    {file = "cytoolz-0.12.3-cp311-cp311-musllinux_1_1_ppc64le.whl", hash = "sha256:fe1e1779a39dbe83f13886d2b4b02f8c4b10755e3c8d9a89b630395f49f4f406"},
    {file = "cytoolz-0.12.3-cp311-cp311-musllinux_1_1_s390x.whl", hash = "sha256:de74ef266e2679c3bf8b5fc20cee4fc0271ba13ae0d9097b1491c7a9bcadb389"},
    {file = "cytoolz-0.12.3-cp311-cp311-musllinux_1_1_x86_64.whl", hash = "sha256:9e04d22049233394e0b08193aca9737200b4a2afa28659d957327aa780ddddf2"},
    {file = "cytoolz-0.12.3-cp311-cp311-win32.whl", hash = "sha256:20d36430d8ac809186736fda735ee7d595b6242bdb35f69b598ef809ebfa5605"},
    {file = "cytoolz-0.12.3-cp311-cp311-win_amd64.whl", hash = "sha256:780c06110f383344d537f48d9010d79fa4f75070d214fc47f389357dd4f010b6"},
    {file = "cytoolz-0.12.3-cp312-cp312-macosx_10_9_x86_64.whl", hash = "sha256:86923d823bd19ce35805953b018d436f6b862edd6a7c8b747a13d52b39ed5716"},
    {file = "cytoolz-0.12.3-cp312-cp312-macosx_11_0_arm64.whl", hash = "sha256:a3e61acfd029bfb81c2c596249b508dfd2b4f72e31b7b53b62e5fb0507dd7293"},
    {file = "cytoolz-0.12.3-cp312-cp312-manylinux_2_17_aarch64.manylinux2014_aarch64.whl", hash = "sha256:dd728f4e6051af6af234651df49319da1d813f47894d4c3c8ab7455e01703a37"},
    {file = "cytoolz-0.12.3-cp312-cp312-manylinux_2_17_ppc64le.manylinux2014_ppc64le.whl", hash = "sha256:fe8c6267caa7ec67bcc37e360f0d8a26bc3bdce510b15b97f2f2e0143bdd3673"},
    {file = "cytoolz-0.12.3-cp312-cp312-manylinux_2_17_s390x.manylinux2014_s390x.whl", hash = "sha256:99462abd8323c52204a2a0ce62454ce8fa0f4e94b9af397945c12830de73f27e"},
    {file = "cytoolz-0.12.3-cp312-cp312-manylinux_2_17_x86_64.manylinux2014_x86_64.whl", hash = "sha256:da125221b1fa25c690fcd030a54344cecec80074df018d906fc6a99f46c1e3a6"},
    {file = "cytoolz-0.12.3-cp312-cp312-manylinux_2_5_i686.manylinux1_i686.manylinux_2_17_i686.manylinux2014_i686.whl", hash = "sha256:1c18e351956f70db9e2d04ff02f28e9a41839250d3f936a4c8a1eabd1c3094d2"},
    {file = "cytoolz-0.12.3-cp312-cp312-musllinux_1_1_aarch64.whl", hash = "sha256:921e6d2440ac758c4945c587b1d1d9b781b72737ac0c0ca5d5e02ca1db8bded2"},
    {file = "cytoolz-0.12.3-cp312-cp312-musllinux_1_1_i686.whl", hash = "sha256:1651a9bd591a8326329ce1d6336f3129161a36d7061a4d5ea9e5377e033364cf"},
    {file = "cytoolz-0.12.3-cp312-cp312-musllinux_1_1_ppc64le.whl", hash = "sha256:8893223b87c2782bd59f9c4bd5c7bf733edd8728b523c93efb91d7468b486528"},
    {file = "cytoolz-0.12.3-cp312-cp312-musllinux_1_1_s390x.whl", hash = "sha256:e4d2961644153c5ae186db964aa9f6109da81b12df0f1d3494b4e5cf2c332ee2"},
    {file = "cytoolz-0.12.3-cp312-cp312-musllinux_1_1_x86_64.whl", hash = "sha256:71b6eb97f6695f7ba8ce69c49b707a351c5f46fd97f5aeb5f6f2fb0d6e72b887"},
    {file = "cytoolz-0.12.3-cp312-cp312-win32.whl", hash = "sha256:cee3de65584e915053412cd178729ff510ad5f8f585c21c5890e91028283518f"},
    {file = "cytoolz-0.12.3-cp312-cp312-win_amd64.whl", hash = "sha256:9eef0d23035fa4dcfa21e570961e86c375153a7ee605cdd11a8b088c24f707f6"},
    {file = "cytoolz-0.12.3-cp37-cp37m-macosx_10_9_x86_64.whl", hash = "sha256:d9a38332cfad2a91e89405b7c18b3f00e2edc951c225accbc217597d3e4e9fde"},
    {file = "cytoolz-0.12.3-cp37-cp37m-manylinux_2_17_aarch64.manylinux2014_aarch64.whl", hash = "sha256:1f501ae1353071fa5d6677437bbeb1aeb5622067dce0977cedc2c5ec5843b202"},
    {file = "cytoolz-0.12.3-cp37-cp37m-manylinux_2_17_ppc64le.manylinux2014_ppc64le.whl", hash = "sha256:56f899758146a52e2f8cfb3fb6f4ca19c1e5814178c3d584de35f9e4d7166d91"},
    {file = "cytoolz-0.12.3-cp37-cp37m-manylinux_2_17_s390x.manylinux2014_s390x.whl", hash = "sha256:800f0526adf9e53d3c6acda748f4def1f048adaa780752f154da5cf22aa488a2"},
    {file = "cytoolz-0.12.3-cp37-cp37m-manylinux_2_17_x86_64.manylinux2014_x86_64.whl", hash = "sha256:d0976a3fcb81d065473173e9005848218ce03ddb2ec7d40dd6a8d2dba7f1c3ae"},
    {file = "cytoolz-0.12.3-cp37-cp37m-manylinux_2_5_i686.manylinux1_i686.manylinux_2_17_i686.manylinux2014_i686.whl", hash = "sha256:c835eab01466cb67d0ce6290601ebef2d82d8d0d0a285ed0d6e46989e4a7a71a"},
    {file = "cytoolz-0.12.3-cp37-cp37m-musllinux_1_1_aarch64.whl", hash = "sha256:4fba0616fcd487e34b8beec1ad9911d192c62e758baa12fcb44448b9b6feae22"},
    {file = "cytoolz-0.12.3-cp37-cp37m-musllinux_1_1_i686.whl", hash = "sha256:6f6e8207d732651e0204779e1ba5a4925c93081834570411f959b80681f8d333"},
    {file = "cytoolz-0.12.3-cp37-cp37m-musllinux_1_1_ppc64le.whl", hash = "sha256:8119bf5961091cfe644784d0bae214e273b3b3a479f93ee3baab97bbd995ccfe"},
    {file = "cytoolz-0.12.3-cp37-cp37m-musllinux_1_1_s390x.whl", hash = "sha256:7ad1331cb68afeec58469c31d944a2100cee14eac221553f0d5218ace1a0b25d"},
    {file = "cytoolz-0.12.3-cp37-cp37m-musllinux_1_1_x86_64.whl", hash = "sha256:92c53d508fb8a4463acc85b322fa24734efdc66933a5c8661bdc862103a3373d"},
    {file = "cytoolz-0.12.3-cp37-cp37m-win32.whl", hash = "sha256:2c6dd75dae3d84fa8988861ab8b1189d2488cb8a9b8653828f9cd6126b5e7abd"},
    {file = "cytoolz-0.12.3-cp37-cp37m-win_amd64.whl", hash = "sha256:caf07a97b5220e6334dd32c8b6d8b2bd255ca694eca5dfe914bb5b880ee66cdb"},
    {file = "cytoolz-0.12.3-cp38-cp38-macosx_10_9_x86_64.whl", hash = "sha256:ed0cfb9326747759e2ad81cb6e45f20086a273b67ac3a4c00b19efcbab007c60"},
    {file = "cytoolz-0.12.3-cp38-cp38-macosx_11_0_arm64.whl", hash = "sha256:96a5a0292575c3697121f97cc605baf2fd125120c7dcdf39edd1a135798482ca"},
    {file = "cytoolz-0.12.3-cp38-cp38-manylinux_2_17_aarch64.manylinux2014_aarch64.whl", hash = "sha256:b76f2f50a789c44d6fd7f773ec43d2a8686781cd52236da03f7f7d7998989bee"},
    {file = "cytoolz-0.12.3-cp38-cp38-manylinux_2_17_ppc64le.manylinux2014_ppc64le.whl", hash = "sha256:2905fdccacc64b4beba37f95cab9d792289c80f4d70830b70de2fc66c007ec01"},
    {file = "cytoolz-0.12.3-cp38-cp38-manylinux_2_17_s390x.manylinux2014_s390x.whl", hash = "sha256:f1ebe23028eac51251f22ba01dba6587d30aa9c320372ca0c14eeab67118ec3f"},
    {file = "cytoolz-0.12.3-cp38-cp38-manylinux_2_17_x86_64.manylinux2014_x86_64.whl", hash = "sha256:96c715404a3825e37fe3966fe84c5f8a1f036e7640b2a02dbed96cac0c933451"},
    {file = "cytoolz-0.12.3-cp38-cp38-manylinux_2_5_i686.manylinux1_i686.manylinux_2_17_i686.manylinux2014_i686.whl", hash = "sha256:9bac0adffc1b6b6a4c5f1fd1dd2161afb720bcc771a91016dc6bdba59af0a5d3"},
    {file = "cytoolz-0.12.3-cp38-cp38-musllinux_1_1_aarch64.whl", hash = "sha256:37441bf4a2a4e2e0fe9c3b0ea5e72db352f5cca03903977ffc42f6f6c5467be9"},
    {file = "cytoolz-0.12.3-cp38-cp38-musllinux_1_1_i686.whl", hash = "sha256:f04037302049cb30033f7fa4e1d0e44afe35ed6bfcf9b380fc11f2a27d3ed697"},
    {file = "cytoolz-0.12.3-cp38-cp38-musllinux_1_1_ppc64le.whl", hash = "sha256:f37b60e66378e7a116931d7220f5352186abfcc950d64856038aa2c01944929c"},
    {file = "cytoolz-0.12.3-cp38-cp38-musllinux_1_1_s390x.whl", hash = "sha256:ec9be3e4b6f86ea8b294d34c990c99d2ba6c526ef1e8f46f1d52c263d4f32cd7"},
    {file = "cytoolz-0.12.3-cp38-cp38-musllinux_1_1_x86_64.whl", hash = "sha256:0e9199c9e3fbf380a92b8042c677eb9e7ed4bccb126de5e9c0d26f5888d96788"},
    {file = "cytoolz-0.12.3-cp38-cp38-win32.whl", hash = "sha256:18cd61e078bd6bffe088e40f1ed02001387c29174750abce79499d26fa57f5eb"},
    {file = "cytoolz-0.12.3-cp38-cp38-win_amd64.whl", hash = "sha256:765b8381d4003ceb1a07896a854eee2c31ebc950a4ae17d1e7a17c2a8feb2a68"},
    {file = "cytoolz-0.12.3-cp39-cp39-macosx_10_9_x86_64.whl", hash = "sha256:b4a52dd2a36b0a91f7aa50ca6c8509057acc481a24255f6cb07b15d339a34e0f"},
    {file = "cytoolz-0.12.3-cp39-cp39-macosx_11_0_arm64.whl", hash = "sha256:581f1ce479769fe7eeb9ae6d87eadb230df8c7c5fff32138162cdd99d7fb8fc3"},
    {file = "cytoolz-0.12.3-cp39-cp39-manylinux_2_17_aarch64.manylinux2014_aarch64.whl", hash = "sha256:46f505d4c6eb79585c8ad0b9dc140ef30a138c880e4e3b40230d642690e36366"},
    {file = "cytoolz-0.12.3-cp39-cp39-manylinux_2_17_ppc64le.manylinux2014_ppc64le.whl", hash = "sha256:59276021619b432a5c21c01cda8320b9cc7dbc40351ffc478b440bfccd5bbdd3"},
    {file = "cytoolz-0.12.3-cp39-cp39-manylinux_2_17_s390x.manylinux2014_s390x.whl", hash = "sha256:e44f4c25e1e7cf6149b499c74945a14649c8866d36371a2c2d2164e4649e7755"},
    {file = "cytoolz-0.12.3-cp39-cp39-manylinux_2_17_x86_64.manylinux2014_x86_64.whl", hash = "sha256:c64f8e60c1dd69e4d5e615481f2d57937746f4a6be2d0f86e9e7e3b9e2243b5e"},
    {file = "cytoolz-0.12.3-cp39-cp39-manylinux_2_5_i686.manylinux1_i686.manylinux_2_17_i686.manylinux2014_i686.whl", hash = "sha256:33c63186f3bf9d7ef1347bc0537bb9a0b4111a0d7d6e619623cabc18fef0dc3b"},
    {file = "cytoolz-0.12.3-cp39-cp39-musllinux_1_1_aarch64.whl", hash = "sha256:fdddb9d988405f24035234f1e8d1653ab2e48cc2404226d21b49a129aefd1d25"},
    {file = "cytoolz-0.12.3-cp39-cp39-musllinux_1_1_i686.whl", hash = "sha256:6986632d8a969ea1e720990c818dace1a24c11015fd7c59b9fea0b65ef71f726"},
    {file = "cytoolz-0.12.3-cp39-cp39-musllinux_1_1_ppc64le.whl", hash = "sha256:0ba1cbc4d9cd7571c917f88f4a069568e5121646eb5d82b2393b2cf84712cf2a"},
    {file = "cytoolz-0.12.3-cp39-cp39-musllinux_1_1_s390x.whl", hash = "sha256:7d267ffc9a36c0a9a58c7e0adc9fa82620f22e4a72533e15dd1361f57fc9accf"},
    {file = "cytoolz-0.12.3-cp39-cp39-musllinux_1_1_x86_64.whl", hash = "sha256:95e878868a172a41fbf6c505a4b967309e6870e22adc7b1c3b19653d062711fa"},
    {file = "cytoolz-0.12.3-cp39-cp39-win32.whl", hash = "sha256:8e21932d6d260996f7109f2a40b2586070cb0a0cf1d65781e156326d5ebcc329"},
    {file = "cytoolz-0.12.3-cp39-cp39-win_amd64.whl", hash = "sha256:0d8edfbc694af6c9bda4db56643fb8ed3d14e47bec358c2f1417de9a12d6d1fb"},
    {file = "cytoolz-0.12.3-pp310-pypy310_pp73-macosx_10_9_x86_64.whl", hash = "sha256:55f9bd1ae6c2a27eda5abe2a0b65a83029d2385c5a1da7b8ef47af5905d7e905"},
    {file = "cytoolz-0.12.3-pp310-pypy310_pp73-manylinux_2_17_aarch64.manylinux2014_aarch64.whl", hash = "sha256:d2d271393c378282727f1231d40391ae93b93ddc0997448acc21dd0cb6a1e56d"},
    {file = "cytoolz-0.12.3-pp310-pypy310_pp73-manylinux_2_5_i686.manylinux1_i686.manylinux_2_17_i686.manylinux2014_i686.whl", hash = "sha256:ee98968d6a66ee83a8ceabf31182189ab5d8598998c8ce69b6d5843daeb2db60"},
    {file = "cytoolz-0.12.3-pp310-pypy310_pp73-manylinux_2_5_x86_64.manylinux1_x86_64.manylinux_2_17_x86_64.manylinux2014_x86_64.whl", hash = "sha256:01cfb8518828c1189200c02a5010ea404407fb18fd5589e29c126e84bbeadd36"},
    {file = "cytoolz-0.12.3-pp310-pypy310_pp73-win_amd64.whl", hash = "sha256:456395d7aec01db32bf9e6db191d667347c78d8d48e77234521fa1078f60dabb"},
    {file = "cytoolz-0.12.3-pp37-pypy37_pp73-macosx_10_9_x86_64.whl", hash = "sha256:cd88028bb897fba99ddd84f253ca6bef73ecb7bdf3f3cf25bc493f8f97d3c7c5"},
    {file = "cytoolz-0.12.3-pp37-pypy37_pp73-manylinux_2_17_aarch64.manylinux2014_aarch64.whl", hash = "sha256:59b19223e7f7bd7a73ec3aa6fdfb73b579ff09c2bc0b7d26857eec2d01a58c76"},
    {file = "cytoolz-0.12.3-pp37-pypy37_pp73-manylinux_2_5_i686.manylinux1_i686.manylinux_2_17_i686.manylinux2014_i686.whl", hash = "sha256:0a79d72b08048a0980a59457c239555f111ac0c8bdc140c91a025f124104dbb4"},
    {file = "cytoolz-0.12.3-pp37-pypy37_pp73-manylinux_2_5_x86_64.manylinux1_x86_64.manylinux_2_17_x86_64.manylinux2014_x86_64.whl", hash = "sha256:1dd70141b32b717696a72b8876e86bc9c6f8eff995c1808e299db3541213ff82"},
    {file = "cytoolz-0.12.3-pp37-pypy37_pp73-win_amd64.whl", hash = "sha256:a1445c91009eb775d479e88954c51d0b4cf9a1e8ce3c503c2672d17252882647"},
    {file = "cytoolz-0.12.3-pp38-pypy38_pp73-macosx_10_9_x86_64.whl", hash = "sha256:ca6a9a9300d5bda417d9090107c6d2b007683efc59d63cc09aca0e7930a08a85"},
    {file = "cytoolz-0.12.3-pp38-pypy38_pp73-manylinux_2_17_aarch64.manylinux2014_aarch64.whl", hash = "sha256:be6feb903d2a08a4ba2e70e950e862fd3be9be9a588b7c38cee4728150a52918"},
    {file = "cytoolz-0.12.3-pp38-pypy38_pp73-manylinux_2_5_i686.manylinux1_i686.manylinux_2_17_i686.manylinux2014_i686.whl", hash = "sha256:92b6f43f086e5a965d33d62a145ae121b4ccb6e0789ac0acc895ce084fec8c65"},
    {file = "cytoolz-0.12.3-pp38-pypy38_pp73-manylinux_2_5_x86_64.manylinux1_x86_64.manylinux_2_17_x86_64.manylinux2014_x86_64.whl", hash = "sha256:534fa66db8564d9b13872d81d54b6b09ae592c585eb826aac235bd6f1830f8ad"},
    {file = "cytoolz-0.12.3-pp38-pypy38_pp73-win_amd64.whl", hash = "sha256:fea649f979def23150680de1bd1d09682da3b54932800a0f90f29fc2a6c98ba8"},
    {file = "cytoolz-0.12.3-pp39-pypy39_pp73-macosx_10_9_x86_64.whl", hash = "sha256:a447247ed312dd64e3a8d9483841ecc5338ee26d6e6fbd29cd373ed030db0240"},
    {file = "cytoolz-0.12.3-pp39-pypy39_pp73-manylinux_2_17_aarch64.manylinux2014_aarch64.whl", hash = "sha256:ba3f843aa89f35467b38c398ae5b980a824fdbdb94065adc6ec7c47a0a22f4c7"},
    {file = "cytoolz-0.12.3-pp39-pypy39_pp73-manylinux_2_5_i686.manylinux1_i686.manylinux_2_17_i686.manylinux2014_i686.whl", hash = "sha256:582c22f97a380211fb36a7b65b1beeb84ea11d82015fa84b054be78580390082"},
    {file = "cytoolz-0.12.3-pp39-pypy39_pp73-manylinux_2_5_x86_64.manylinux1_x86_64.manylinux_2_17_x86_64.manylinux2014_x86_64.whl", hash = "sha256:47feb089506fc66e1593cd9ade3945693a9d089a445fbe9a11385cab200b9f22"},
    {file = "cytoolz-0.12.3-pp39-pypy39_pp73-win_amd64.whl", hash = "sha256:ba9002d2f043943744a9dc8e50a47362bcb6e6f360dc0a1abcb19642584d87bb"},
    {file = "cytoolz-0.12.3.tar.gz", hash = "sha256:4503dc59f4ced53a54643272c61dc305d1dbbfbd7d6bdf296948de9f34c3a282"},
]

[package.dependencies]
toolz = ">=0.8.0"

[package.extras]
cython = ["cython"]

[[package]]
name = "eth-abi"
version = "4.2.1"
description = "eth_abi: Python utilities for working with Ethereum ABI definitions, especially encoding and decoding"
optional = false
python-versions = ">=3.7.2, <4"
files = [
    {file = "eth_abi-4.2.1-py3-none-any.whl", hash = "sha256:abd83410a5326145bf178675c276de0ed154f6dc695dcad1beafaa44d97f44ae"},
    {file = "eth_abi-4.2.1.tar.gz", hash = "sha256:60d88788d53725794cdb07c0f0bb0df2a31a6e1ad19644313fe6117ac24eeeb0"},
]

[package.dependencies]
eth-typing = ">=3.0.0"
eth-utils = ">=2.0.0"
parsimonious = ">=0.9.0,<0.10.0"

[package.extras]
dev = ["black (>=23)", "build (>=0.9.0)", "bumpversion (>=0.5.3)", "eth-hash[pycryptodome]", "flake8 (==6.0.0)", "flake8-bugbear (==23.3.23)", "hypothesis (>=4.18.2,<5.0.0)", "ipython", "isort (>=5.10.1)", "mypy (==0.971)", "pydocstyle (>=6.0.0)", "pytest (>=7.0.0)", "pytest-pythonpath (>=0.7.1)", "pytest-watch (>=4.1.0)", "pytest-xdist (>=2.4.0)", "sphinx (>=5.0.0)", "sphinx-rtd-theme (>=1.0.0)", "towncrier (>=21,<22)", "tox (>=4.0.0)", "twine", "wheel"]
doc = ["sphinx (>=5.0.0)", "sphinx-rtd-theme (>=1.0.0)", "towncrier (>=21,<22)"]
lint = ["black (>=23)", "flake8 (==6.0.0)", "flake8-bugbear (==23.3.23)", "isort (>=5.10.1)", "mypy (==0.971)", "pydocstyle (>=6.0.0)"]
test = ["eth-hash[pycryptodome]", "hypothesis (>=4.18.2,<5.0.0)", "pytest (>=7.0.0)", "pytest-pythonpath (>=0.7.1)", "pytest-xdist (>=2.4.0)"]
tools = ["hypothesis (>=4.18.2,<5.0.0)"]

[[package]]
name = "eth-hash"
version = "0.7.0"
description = "eth-hash: The Ethereum hashing function, keccak256, sometimes (erroneously) called sha3"
optional = false
python-versions = ">=3.8, <4"
files = [
    {file = "eth-hash-0.7.0.tar.gz", hash = "sha256:bacdc705bfd85dadd055ecd35fd1b4f846b671add101427e089a4ca2e8db310a"},
    {file = "eth_hash-0.7.0-py3-none-any.whl", hash = "sha256:b8d5a230a2b251f4a291e3164a23a14057c4a6de4b0aa4a16fa4dc9161b57e2f"},
]

[package.extras]
dev = ["build (>=0.9.0)", "bumpversion (>=0.5.3)", "ipython", "pre-commit (>=3.4.0)", "pytest (>=7.0.0)", "pytest-xdist (>=2.4.0)", "sphinx (>=6.0.0)", "sphinx-rtd-theme (>=1.0.0)", "towncrier (>=21,<22)", "tox (>=4.0.0)", "twine", "wheel"]
docs = ["sphinx (>=6.0.0)", "sphinx-rtd-theme (>=1.0.0)", "towncrier (>=21,<22)"]
pycryptodome = ["pycryptodome (>=3.6.6,<4)"]
pysha3 = ["pysha3 (>=1.0.0,<2.0.0)", "safe-pysha3 (>=1.0.0)"]
test = ["pytest (>=7.0.0)", "pytest-xdist (>=2.4.0)"]

[[package]]
name = "eth-typing"
version = "4.0.0"
description = "eth-typing: Common type annotations for ethereum python packages"
optional = false
python-versions = ">=3.8, <4"
files = [
    {file = "eth-typing-4.0.0.tar.gz", hash = "sha256:9af0b6beafbc5c2e18daf19da5f5a68315023172c4e79d149e12ad10a3d3f731"},
    {file = "eth_typing-4.0.0-py3-none-any.whl", hash = "sha256:7e556bea322b6e8c0a231547b736c258e10ce9eed5ddc254f51031b12af66a16"},
]

[package.extras]
dev = ["build (>=0.9.0)", "bumpversion (>=0.5.3)", "ipython", "pre-commit (>=3.4.0)", "pytest (>=7.0.0)", "pytest-xdist (>=2.4.0)", "sphinx (>=6.0.0)", "sphinx-rtd-theme (>=1.0.0)", "towncrier (>=21,<22)", "tox (>=4.0.0)", "twine", "wheel"]
docs = ["sphinx (>=6.0.0)", "sphinx-rtd-theme (>=1.0.0)", "towncrier (>=21,<22)"]
test = ["pytest (>=7.0.0)", "pytest-xdist (>=2.4.0)"]

[[package]]
name = "eth-utils"
version = "2.3.1"
description = "eth-utils: Common utility functions for python code that interacts with Ethereum"
optional = false
python-versions = ">=3.7,<4"
files = [
    {file = "eth-utils-2.3.1.tar.gz", hash = "sha256:56a969b0536d4969dcb27e580521de35abf2dbed8b1bf072b5c80770c4324e27"},
    {file = "eth_utils-2.3.1-py3-none-any.whl", hash = "sha256:614eedc5ffcaf4e6708ca39e23b12bd69526a312068c1170c773bd1307d13972"},
]

[package.dependencies]
cytoolz = {version = ">=0.10.1", markers = "implementation_name == \"cpython\""}
eth-hash = ">=0.3.1"
eth-typing = ">=3.0.0"
toolz = {version = ">0.8.2", markers = "implementation_name == \"pypy\""}

[package.extras]
dev = ["black (>=23)", "build (>=0.9.0)", "bumpversion (>=0.5.3)", "eth-hash[pycryptodome]", "flake8 (==3.8.3)", "hypothesis (>=4.43.0)", "ipython", "isort (>=5.11.0)", "mypy (==0.971)", "pydocstyle (>=5.0.0)", "pytest (>=7.0.0)", "pytest-watch (>=4.1.0)", "pytest-xdist (>=2.4.0)", "sphinx (>=5.0.0)", "sphinx-rtd-theme (>=1.0.0)", "towncrier (>=21,<22)", "tox (>=4.0.0)", "twine", "types-setuptools", "wheel"]
docs = ["sphinx (>=5.0.0)", "sphinx-rtd-theme (>=1.0.0)", "towncrier (>=21,<22)"]
lint = ["black (>=23)", "flake8 (==3.8.3)", "isort (>=5.11.0)", "mypy (==0.971)", "pydocstyle (>=5.0.0)", "types-setuptools"]
test = ["hypothesis (>=4.43.0)", "mypy (==0.971)", "pytest (>=7.0.0)", "pytest-xdist (>=2.4.0)", "types-setuptools"]

[[package]]
name = "iniconfig"
version = "2.0.0"
description = "brain-dead simple config-ini parsing"
optional = false
python-versions = ">=3.7"
files = [
    {file = "iniconfig-2.0.0-py3-none-any.whl", hash = "sha256:b6a85871a79d2e3b22d2d1b94ac2824226a63c6b741c88f7ae975f18b6778374"},
    {file = "iniconfig-2.0.0.tar.gz", hash = "sha256:2d91e135bf72d31a410b17c16da610a82cb55f6b0477d1a902134b24a455b8b3"},
]

[[package]]
name = "maturin"
version = "1.5.0"
description = "Build and publish crates with pyo3, rust-cpython and cffi bindings as well as rust binaries as python packages"
optional = false
python-versions = ">=3.7"
files = [
    {file = "maturin-1.5.0-py3-none-linux_armv6l.whl", hash = "sha256:0b976116b7cfaafbc8c3f0acfaec6702520c49e86e48ea80e2c282b7f8118c1a"},
    {file = "maturin-1.5.0-py3-none-macosx_10_12_x86_64.macosx_11_0_arm64.macosx_10_12_universal2.whl", hash = "sha256:d277adf9b27143627ba7be7ea254513d3e85008fb16a94638b56884a41b4e5a2"},
    {file = "maturin-1.5.0-py3-none-macosx_10_12_x86_64.whl", hash = "sha256:d6a314472e07b6bdfa4cdf97d24cda1defe008d36d4b75de2efd3383e7a2d7bf"},
    {file = "maturin-1.5.0-py3-none-manylinux_2_12_i686.manylinux2010_i686.musllinux_1_1_i686.whl", hash = "sha256:a5c038ded82c7595d99e94a208aa8af2b5c94eef4c8fcf5ef6e841957e506201"},
    {file = "maturin-1.5.0-py3-none-manylinux_2_12_x86_64.manylinux2010_x86_64.musllinux_1_1_x86_64.whl", hash = "sha256:faa0d099a8045afc9977284cb3a1c26e5ebc9a7f0fe4d53b7ee17f62fd279f4a"},
    {file = "maturin-1.5.0-py3-none-manylinux_2_17_aarch64.manylinux2014_aarch64.musllinux_1_1_aarch64.whl", hash = "sha256:9cba3737cb92ce5c1bd82cbb9b1fde412b2aac8882ac38b8340980f5eb858d8c"},
    {file = "maturin-1.5.0-py3-none-manylinux_2_17_armv7l.manylinux2014_armv7l.musllinux_1_1_armv7l.whl", hash = "sha256:1b29bf8771f27d2e6b2685c82de952b5732ee79e5c0030ffd5dab5ccb99137a1"},
    {file = "maturin-1.5.0-py3-none-manylinux_2_17_ppc64le.manylinux2014_ppc64le.musllinux_1_1_ppc64le.whl", hash = "sha256:f271f315fb78d2ff5fdf60f8d3ada2a04a66ac6fbd3cbb318c4eb4e9766449bc"},
    {file = "maturin-1.5.0-py3-none-manylinux_2_17_s390x.manylinux2014_s390x.whl", hash = "sha256:76e3270ff87b5484976d23e3d88475cd64acf41b54f561263f253d8fca0baab3"},
    {file = "maturin-1.5.0-py3-none-win32.whl", hash = "sha256:eb35dfe5994ad2c34d2874a73720847ecc2adb28f934e9a7cbcdb8826b240e60"},
    {file = "maturin-1.5.0-py3-none-win_amd64.whl", hash = "sha256:b3a499ff5960e46115488e68011809ce99857864ce3a91cf5d0fff3adbd89e8c"},
    {file = "maturin-1.5.0-py3-none-win_arm64.whl", hash = "sha256:2e4c01370a5c10b6c4887bee66d3582bdb38c3805168c1393f072bd266da08d4"},
    {file = "maturin-1.5.0.tar.gz", hash = "sha256:e046ea2aed687991d58c42f6276dfcc0c037092934654f538b5877fd57dd3a9c"},
]

[package.extras]
patchelf = ["patchelf"]
zig = ["ziglang (>=0.10.0,<0.11.0)"]

[[package]]
name = "mypy-extensions"
version = "1.0.0"
description = "Type system extensions for programs checked with the mypy type checker."
optional = false
python-versions = ">=3.5"
files = [
    {file = "mypy_extensions-1.0.0-py3-none-any.whl", hash = "sha256:4392f6c0eb8a5668a69e23d168ffa70f0be9ccfd32b5cc2d26a34ae5b844552d"},
    {file = "mypy_extensions-1.0.0.tar.gz", hash = "sha256:75dbf8955dc00442a438fc4d0666508a9a97b6bd41aa2f0ffe9d2f2725af0782"},
]

[[package]]
name = "packaging"
version = "24.0"
description = "Core utilities for Python packages"
optional = false
python-versions = ">=3.7"
files = [
    {file = "packaging-24.0-py3-none-any.whl", hash = "sha256:2ddfb553fdf02fb784c234c7ba6ccc288296ceabec964ad2eae3777778130bc5"},
    {file = "packaging-24.0.tar.gz", hash = "sha256:eb82c5e3e56209074766e6885bb04b8c38a0c015d0a30036ebe7ece34c9989e9"},
]

[[package]]
name = "parsimonious"
version = "0.9.0"
description = "(Soon to be) the fastest pure-Python PEG parser I could muster"
optional = false
python-versions = "*"
files = [
    {file = "parsimonious-0.9.0.tar.gz", hash = "sha256:b2ad1ae63a2f65bd78f5e0a8ac510a98f3607a43f1db2a8d46636a5d9e4a30c1"},
]

[package.dependencies]
regex = ">=2022.3.15"

[[package]]
name = "pathspec"
version = "0.12.1"
description = "Utility library for gitignore style pattern matching of file paths."
optional = false
python-versions = ">=3.8"
files = [
    {file = "pathspec-0.12.1-py3-none-any.whl", hash = "sha256:a0d503e138a4c123b27490a4f7beda6a01c6f288df0e4a8b79c7eb0dc7b4cc08"},
    {file = "pathspec-0.12.1.tar.gz", hash = "sha256:a482d51503a1ab33b1c67a6c3813a26953dbdc71c31dacaef9a838c4e29f5712"},
]

[[package]]
name = "platformdirs"
version = "4.2.0"
description = "A small Python package for determining appropriate platform-specific dirs, e.g. a \"user data dir\"."
optional = false
python-versions = ">=3.8"
files = [
    {file = "platformdirs-4.2.0-py3-none-any.whl", hash = "sha256:0614df2a2f37e1a662acbd8e2b25b92ccf8632929bc6d43467e17fe89c75e068"},
    {file = "platformdirs-4.2.0.tar.gz", hash = "sha256:ef0cc731df711022c174543cb70a9b5bd22e5a9337c8624ef2c2ceb8ddad8768"},
]

[package.extras]
docs = ["furo (>=2023.9.10)", "proselint (>=0.13)", "sphinx (>=7.2.6)", "sphinx-autodoc-typehints (>=1.25.2)"]
test = ["appdirs (==1.4.4)", "covdefaults (>=2.3)", "pytest (>=7.4.3)", "pytest-cov (>=4.1)", "pytest-mock (>=3.12)"]

[[package]]
name = "pluggy"
version = "1.4.0"
description = "plugin and hook calling mechanisms for python"
optional = false
python-versions = ">=3.8"
files = [
    {file = "pluggy-1.4.0-py3-none-any.whl", hash = "sha256:7db9f7b503d67d1c5b95f59773ebb58a8c1c288129a88665838012cfb07b8981"},
    {file = "pluggy-1.4.0.tar.gz", hash = "sha256:8c85c2876142a764e5b7548e7d9a0e0ddb46f5185161049a79b7e974454223be"},
]

[package.extras]
dev = ["pre-commit", "tox"]
testing = ["pytest", "pytest-benchmark"]

[[package]]
name = "pytest"
version = "7.4.4"
description = "pytest: simple powerful testing with Python"
optional = false
python-versions = ">=3.7"
files = [
    {file = "pytest-7.4.4-py3-none-any.whl", hash = "sha256:b090cdf5ed60bf4c45261be03239c2c1c22df034fbffe691abe93cd80cea01d8"},
    {file = "pytest-7.4.4.tar.gz", hash = "sha256:2cf0005922c6ace4a3e2ec8b4080eb0d9753fdc93107415332f50ce9e7994280"},
]

[package.dependencies]
colorama = {version = "*", markers = "sys_platform == \"win32\""}
iniconfig = "*"
packaging = "*"
pluggy = ">=0.12,<2.0"

[package.extras]
testing = ["argcomplete", "attrs (>=19.2.0)", "hypothesis (>=3.56)", "mock", "nose", "pygments (>=2.7.2)", "requests", "setuptools", "xmlschema"]

[[package]]
name = "regex"
version = "2023.12.25"
description = "Alternative regular expression module, to replace re."
optional = false
python-versions = ">=3.7"
files = [
    {file = "regex-2023.12.25-cp310-cp310-macosx_10_9_universal2.whl", hash = "sha256:0694219a1d54336fd0445ea382d49d36882415c0134ee1e8332afd1529f0baa5"},
    {file = "regex-2023.12.25-cp310-cp310-macosx_10_9_x86_64.whl", hash = "sha256:b014333bd0217ad3d54c143de9d4b9a3ca1c5a29a6d0d554952ea071cff0f1f8"},
    {file = "regex-2023.12.25-cp310-cp310-macosx_11_0_arm64.whl", hash = "sha256:d865984b3f71f6d0af64d0d88f5733521698f6c16f445bb09ce746c92c97c586"},
    {file = "regex-2023.12.25-cp310-cp310-manylinux_2_17_aarch64.manylinux2014_aarch64.whl", hash = "sha256:1e0eabac536b4cc7f57a5f3d095bfa557860ab912f25965e08fe1545e2ed8b4c"},
    {file = "regex-2023.12.25-cp310-cp310-manylinux_2_17_ppc64le.manylinux2014_ppc64le.whl", hash = "sha256:c25a8ad70e716f96e13a637802813f65d8a6760ef48672aa3502f4c24ea8b400"},
    {file = "regex-2023.12.25-cp310-cp310-manylinux_2_17_s390x.manylinux2014_s390x.whl", hash = "sha256:a9b6d73353f777630626f403b0652055ebfe8ff142a44ec2cf18ae470395766e"},
    {file = "regex-2023.12.25-cp310-cp310-manylinux_2_17_x86_64.manylinux2014_x86_64.whl", hash = "sha256:a9cc99d6946d750eb75827cb53c4371b8b0fe89c733a94b1573c9dd16ea6c9e4"},
    {file = "regex-2023.12.25-cp310-cp310-manylinux_2_5_i686.manylinux1_i686.manylinux_2_17_i686.manylinux2014_i686.whl", hash = "sha256:88d1f7bef20c721359d8675f7d9f8e414ec5003d8f642fdfd8087777ff7f94b5"},
    {file = "regex-2023.12.25-cp310-cp310-manylinux_2_5_x86_64.manylinux1_x86_64.manylinux_2_12_x86_64.manylinux2010_x86_64.whl", hash = "sha256:cb3fe77aec8f1995611f966d0c656fdce398317f850d0e6e7aebdfe61f40e1cd"},
    {file = "regex-2023.12.25-cp310-cp310-musllinux_1_1_aarch64.whl", hash = "sha256:7aa47c2e9ea33a4a2a05f40fcd3ea36d73853a2aae7b4feab6fc85f8bf2c9704"},
    {file = "regex-2023.12.25-cp310-cp310-musllinux_1_1_i686.whl", hash = "sha256:df26481f0c7a3f8739fecb3e81bc9da3fcfae34d6c094563b9d4670b047312e1"},
    {file = "regex-2023.12.25-cp310-cp310-musllinux_1_1_ppc64le.whl", hash = "sha256:c40281f7d70baf6e0db0c2f7472b31609f5bc2748fe7275ea65a0b4601d9b392"},
    {file = "regex-2023.12.25-cp310-cp310-musllinux_1_1_s390x.whl", hash = "sha256:d94a1db462d5690ebf6ae86d11c5e420042b9898af5dcf278bd97d6bda065423"},
    {file = "regex-2023.12.25-cp310-cp310-musllinux_1_1_x86_64.whl", hash = "sha256:ba1b30765a55acf15dce3f364e4928b80858fa8f979ad41f862358939bdd1f2f"},
    {file = "regex-2023.12.25-cp310-cp310-win32.whl", hash = "sha256:150c39f5b964e4d7dba46a7962a088fbc91f06e606f023ce57bb347a3b2d4630"},
    {file = "regex-2023.12.25-cp310-cp310-win_amd64.whl", hash = "sha256:09da66917262d9481c719599116c7dc0c321ffcec4b1f510c4f8a066f8768105"},
    {file = "regex-2023.12.25-cp311-cp311-macosx_10_9_universal2.whl", hash = "sha256:1b9d811f72210fa9306aeb88385b8f8bcef0dfbf3873410413c00aa94c56c2b6"},
    {file = "regex-2023.12.25-cp311-cp311-macosx_10_9_x86_64.whl", hash = "sha256:d902a43085a308cef32c0d3aea962524b725403fd9373dea18110904003bac97"},
    {file = "regex-2023.12.25-cp311-cp311-macosx_11_0_arm64.whl", hash = "sha256:d166eafc19f4718df38887b2bbe1467a4f74a9830e8605089ea7a30dd4da8887"},
    {file = "regex-2023.12.25-cp311-cp311-manylinux_2_17_aarch64.manylinux2014_aarch64.whl", hash = "sha256:c7ad32824b7f02bb3c9f80306d405a1d9b7bb89362d68b3c5a9be53836caebdb"},
    {file = "regex-2023.12.25-cp311-cp311-manylinux_2_17_ppc64le.manylinux2014_ppc64le.whl", hash = "sha256:636ba0a77de609d6510235b7f0e77ec494d2657108f777e8765efc060094c98c"},
    {file = "regex-2023.12.25-cp311-cp311-manylinux_2_17_s390x.manylinux2014_s390x.whl", hash = "sha256:0fda75704357805eb953a3ee15a2b240694a9a514548cd49b3c5124b4e2ad01b"},
    {file = "regex-2023.12.25-cp311-cp311-manylinux_2_17_x86_64.manylinux2014_x86_64.whl", hash = "sha256:f72cbae7f6b01591f90814250e636065850c5926751af02bb48da94dfced7baa"},
    {file = "regex-2023.12.25-cp311-cp311-manylinux_2_5_i686.manylinux1_i686.manylinux_2_17_i686.manylinux2014_i686.whl", hash = "sha256:db2a0b1857f18b11e3b0e54ddfefc96af46b0896fb678c85f63fb8c37518b3e7"},
    {file = "regex-2023.12.25-cp311-cp311-musllinux_1_1_aarch64.whl", hash = "sha256:7502534e55c7c36c0978c91ba6f61703faf7ce733715ca48f499d3dbbd7657e0"},
    {file = "regex-2023.12.25-cp311-cp311-musllinux_1_1_i686.whl", hash = "sha256:e8c7e08bb566de4faaf11984af13f6bcf6a08f327b13631d41d62592681d24fe"},
    {file = "regex-2023.12.25-cp311-cp311-musllinux_1_1_ppc64le.whl", hash = "sha256:283fc8eed679758de38fe493b7d7d84a198b558942b03f017b1f94dda8efae80"},
    {file = "regex-2023.12.25-cp311-cp311-musllinux_1_1_s390x.whl", hash = "sha256:f44dd4d68697559d007462b0a3a1d9acd61d97072b71f6d1968daef26bc744bd"},
    {file = "regex-2023.12.25-cp311-cp311-musllinux_1_1_x86_64.whl", hash = "sha256:67d3ccfc590e5e7197750fcb3a2915b416a53e2de847a728cfa60141054123d4"},
    {file = "regex-2023.12.25-cp311-cp311-win32.whl", hash = "sha256:68191f80a9bad283432385961d9efe09d783bcd36ed35a60fb1ff3f1ec2efe87"},
    {file = "regex-2023.12.25-cp311-cp311-win_amd64.whl", hash = "sha256:7d2af3f6b8419661a0c421584cfe8aaec1c0e435ce7e47ee2a97e344b98f794f"},
    {file = "regex-2023.12.25-cp312-cp312-macosx_10_9_universal2.whl", hash = "sha256:8a0ccf52bb37d1a700375a6b395bff5dd15c50acb745f7db30415bae3c2b0715"},
    {file = "regex-2023.12.25-cp312-cp312-macosx_10_9_x86_64.whl", hash = "sha256:c3c4a78615b7762740531c27cf46e2f388d8d727d0c0c739e72048beb26c8a9d"},
    {file = "regex-2023.12.25-cp312-cp312-macosx_11_0_arm64.whl", hash = "sha256:ad83e7545b4ab69216cef4cc47e344d19622e28aabec61574b20257c65466d6a"},
    {file = "regex-2023.12.25-cp312-cp312-manylinux_2_17_aarch64.manylinux2014_aarch64.whl", hash = "sha256:b7a635871143661feccce3979e1727c4e094f2bdfd3ec4b90dfd4f16f571a87a"},
    {file = "regex-2023.12.25-cp312-cp312-manylinux_2_17_ppc64le.manylinux2014_ppc64le.whl", hash = "sha256:d498eea3f581fbe1b34b59c697512a8baef88212f92e4c7830fcc1499f5b45a5"},
    {file = "regex-2023.12.25-cp312-cp312-manylinux_2_17_s390x.manylinux2014_s390x.whl", hash = "sha256:43f7cd5754d02a56ae4ebb91b33461dc67be8e3e0153f593c509e21d219c5060"},
    {file = "regex-2023.12.25-cp312-cp312-manylinux_2_17_x86_64.manylinux2014_x86_64.whl", hash = "sha256:51f4b32f793812714fd5307222a7f77e739b9bc566dc94a18126aba3b92b98a3"},
    {file = "regex-2023.12.25-cp312-cp312-manylinux_2_5_i686.manylinux1_i686.manylinux_2_17_i686.manylinux2014_i686.whl", hash = "sha256:ba99d8077424501b9616b43a2d208095746fb1284fc5ba490139651f971d39d9"},
    {file = "regex-2023.12.25-cp312-cp312-musllinux_1_1_aarch64.whl", hash = "sha256:4bfc2b16e3ba8850e0e262467275dd4d62f0d045e0e9eda2bc65078c0110a11f"},
    {file = "regex-2023.12.25-cp312-cp312-musllinux_1_1_i686.whl", hash = "sha256:8c2c19dae8a3eb0ea45a8448356ed561be843b13cbc34b840922ddf565498c1c"},
    {file = "regex-2023.12.25-cp312-cp312-musllinux_1_1_ppc64le.whl", hash = "sha256:60080bb3d8617d96f0fb7e19796384cc2467447ef1c491694850ebd3670bc457"},
    {file = "regex-2023.12.25-cp312-cp312-musllinux_1_1_s390x.whl", hash = "sha256:b77e27b79448e34c2c51c09836033056a0547aa360c45eeeb67803da7b0eedaf"},
    {file = "regex-2023.12.25-cp312-cp312-musllinux_1_1_x86_64.whl", hash = "sha256:518440c991f514331f4850a63560321f833979d145d7d81186dbe2f19e27ae3d"},
    {file = "regex-2023.12.25-cp312-cp312-win32.whl", hash = "sha256:e2610e9406d3b0073636a3a2e80db05a02f0c3169b5632022b4e81c0364bcda5"},
    {file = "regex-2023.12.25-cp312-cp312-win_amd64.whl", hash = "sha256:cc37b9aeebab425f11f27e5e9e6cf580be7206c6582a64467a14dda211abc232"},
    {file = "regex-2023.12.25-cp37-cp37m-macosx_10_9_x86_64.whl", hash = "sha256:da695d75ac97cb1cd725adac136d25ca687da4536154cdc2815f576e4da11c69"},
    {file = "regex-2023.12.25-cp37-cp37m-manylinux_2_17_aarch64.manylinux2014_aarch64.whl", hash = "sha256:d126361607b33c4eb7b36debc173bf25d7805847346dd4d99b5499e1fef52bc7"},
    {file = "regex-2023.12.25-cp37-cp37m-manylinux_2_17_ppc64le.manylinux2014_ppc64le.whl", hash = "sha256:4719bb05094d7d8563a450cf8738d2e1061420f79cfcc1fa7f0a44744c4d8f73"},
    {file = "regex-2023.12.25-cp37-cp37m-manylinux_2_17_s390x.manylinux2014_s390x.whl", hash = "sha256:5dd58946bce44b53b06d94aa95560d0b243eb2fe64227cba50017a8d8b3cd3e2"},
    {file = "regex-2023.12.25-cp37-cp37m-manylinux_2_17_x86_64.manylinux2014_x86_64.whl", hash = "sha256:22a86d9fff2009302c440b9d799ef2fe322416d2d58fc124b926aa89365ec482"},
    {file = "regex-2023.12.25-cp37-cp37m-manylinux_2_5_i686.manylinux1_i686.manylinux_2_17_i686.manylinux2014_i686.whl", hash = "sha256:2aae8101919e8aa05ecfe6322b278f41ce2994c4a430303c4cd163fef746e04f"},
    {file = "regex-2023.12.25-cp37-cp37m-manylinux_2_5_x86_64.manylinux1_x86_64.manylinux_2_12_x86_64.manylinux2010_x86_64.whl", hash = "sha256:e692296c4cc2873967771345a876bcfc1c547e8dd695c6b89342488b0ea55cd8"},
    {file = "regex-2023.12.25-cp37-cp37m-musllinux_1_1_aarch64.whl", hash = "sha256:263ef5cc10979837f243950637fffb06e8daed7f1ac1e39d5910fd29929e489a"},
    {file = "regex-2023.12.25-cp37-cp37m-musllinux_1_1_i686.whl", hash = "sha256:d6f7e255e5fa94642a0724e35406e6cb7001c09d476ab5fce002f652b36d0c39"},
    {file = "regex-2023.12.25-cp37-cp37m-musllinux_1_1_ppc64le.whl", hash = "sha256:88ad44e220e22b63b0f8f81f007e8abbb92874d8ced66f32571ef8beb0643b2b"},
    {file = "regex-2023.12.25-cp37-cp37m-musllinux_1_1_s390x.whl", hash = "sha256:3a17d3ede18f9cedcbe23d2daa8a2cd6f59fe2bf082c567e43083bba3fb00347"},
    {file = "regex-2023.12.25-cp37-cp37m-musllinux_1_1_x86_64.whl", hash = "sha256:d15b274f9e15b1a0b7a45d2ac86d1f634d983ca40d6b886721626c47a400bf39"},
    {file = "regex-2023.12.25-cp37-cp37m-win32.whl", hash = "sha256:ed19b3a05ae0c97dd8f75a5d8f21f7723a8c33bbc555da6bbe1f96c470139d3c"},
    {file = "regex-2023.12.25-cp37-cp37m-win_amd64.whl", hash = "sha256:a6d1047952c0b8104a1d371f88f4ab62e6275567d4458c1e26e9627ad489b445"},
    {file = "regex-2023.12.25-cp38-cp38-macosx_10_9_universal2.whl", hash = "sha256:b43523d7bc2abd757119dbfb38af91b5735eea45537ec6ec3a5ec3f9562a1c53"},
    {file = "regex-2023.12.25-cp38-cp38-macosx_10_9_x86_64.whl", hash = "sha256:efb2d82f33b2212898f1659fb1c2e9ac30493ac41e4d53123da374c3b5541e64"},
    {file = "regex-2023.12.25-cp38-cp38-macosx_11_0_arm64.whl", hash = "sha256:b7fca9205b59c1a3d5031f7e64ed627a1074730a51c2a80e97653e3e9fa0d415"},
    {file = "regex-2023.12.25-cp38-cp38-manylinux_2_17_aarch64.manylinux2014_aarch64.whl", hash = "sha256:086dd15e9435b393ae06f96ab69ab2d333f5d65cbe65ca5a3ef0ec9564dfe770"},
    {file = "regex-2023.12.25-cp38-cp38-manylinux_2_17_ppc64le.manylinux2014_ppc64le.whl", hash = "sha256:e81469f7d01efed9b53740aedd26085f20d49da65f9c1f41e822a33992cb1590"},
    {file = "regex-2023.12.25-cp38-cp38-manylinux_2_17_s390x.manylinux2014_s390x.whl", hash = "sha256:34e4af5b27232f68042aa40a91c3b9bb4da0eeb31b7632e0091afc4310afe6cb"},
    {file = "regex-2023.12.25-cp38-cp38-manylinux_2_17_x86_64.manylinux2014_x86_64.whl", hash = "sha256:9852b76ab558e45b20bf1893b59af64a28bd3820b0c2efc80e0a70a4a3ea51c1"},
    {file = "regex-2023.12.25-cp38-cp38-manylinux_2_5_i686.manylinux1_i686.manylinux_2_17_i686.manylinux2014_i686.whl", hash = "sha256:ff100b203092af77d1a5a7abe085b3506b7eaaf9abf65b73b7d6905b6cb76988"},
    {file = "regex-2023.12.25-cp38-cp38-manylinux_2_5_x86_64.manylinux1_x86_64.manylinux_2_12_x86_64.manylinux2010_x86_64.whl", hash = "sha256:cc038b2d8b1470364b1888a98fd22d616fba2b6309c5b5f181ad4483e0017861"},
    {file = "regex-2023.12.25-cp38-cp38-musllinux_1_1_aarch64.whl", hash = "sha256:094ba386bb5c01e54e14434d4caabf6583334090865b23ef58e0424a6286d3dc"},
    {file = "regex-2023.12.25-cp38-cp38-musllinux_1_1_i686.whl", hash = "sha256:5cd05d0f57846d8ba4b71d9c00f6f37d6b97d5e5ef8b3c3840426a475c8f70f4"},
    {file = "regex-2023.12.25-cp38-cp38-musllinux_1_1_ppc64le.whl", hash = "sha256:9aa1a67bbf0f957bbe096375887b2505f5d8ae16bf04488e8b0f334c36e31360"},
    {file = "regex-2023.12.25-cp38-cp38-musllinux_1_1_s390x.whl", hash = "sha256:98a2636994f943b871786c9e82bfe7883ecdaba2ef5df54e1450fa9869d1f756"},
    {file = "regex-2023.12.25-cp38-cp38-musllinux_1_1_x86_64.whl", hash = "sha256:37f8e93a81fc5e5bd8db7e10e62dc64261bcd88f8d7e6640aaebe9bc180d9ce2"},
    {file = "regex-2023.12.25-cp38-cp38-win32.whl", hash = "sha256:d78bd484930c1da2b9679290a41cdb25cc127d783768a0369d6b449e72f88beb"},
    {file = "regex-2023.12.25-cp38-cp38-win_amd64.whl", hash = "sha256:b521dcecebc5b978b447f0f69b5b7f3840eac454862270406a39837ffae4e697"},
    {file = "regex-2023.12.25-cp39-cp39-macosx_10_9_universal2.whl", hash = "sha256:f7bc09bc9c29ebead055bcba136a67378f03d66bf359e87d0f7c759d6d4ffa31"},
    {file = "regex-2023.12.25-cp39-cp39-macosx_10_9_x86_64.whl", hash = "sha256:e14b73607d6231f3cc4622809c196b540a6a44e903bcfad940779c80dffa7be7"},
    {file = "regex-2023.12.25-cp39-cp39-macosx_11_0_arm64.whl", hash = "sha256:9eda5f7a50141291beda3edd00abc2d4a5b16c29c92daf8d5bd76934150f3edc"},
    {file = "regex-2023.12.25-cp39-cp39-manylinux_2_17_aarch64.manylinux2014_aarch64.whl", hash = "sha256:cc6bb9aa69aacf0f6032c307da718f61a40cf970849e471254e0e91c56ffca95"},
    {file = "regex-2023.12.25-cp39-cp39-manylinux_2_17_ppc64le.manylinux2014_ppc64le.whl", hash = "sha256:298dc6354d414bc921581be85695d18912bea163a8b23cac9a2562bbcd5088b1"},
    {file = "regex-2023.12.25-cp39-cp39-manylinux_2_17_s390x.manylinux2014_s390x.whl", hash = "sha256:2f4e475a80ecbd15896a976aa0b386c5525d0ed34d5c600b6d3ebac0a67c7ddf"},
    {file = "regex-2023.12.25-cp39-cp39-manylinux_2_17_x86_64.manylinux2014_x86_64.whl", hash = "sha256:531ac6cf22b53e0696f8e1d56ce2396311254eb806111ddd3922c9d937151dae"},
    {file = "regex-2023.12.25-cp39-cp39-manylinux_2_5_i686.manylinux1_i686.manylinux_2_17_i686.manylinux2014_i686.whl", hash = "sha256:22f3470f7524b6da61e2020672df2f3063676aff444db1daa283c2ea4ed259d6"},
    {file = "regex-2023.12.25-cp39-cp39-manylinux_2_5_x86_64.manylinux1_x86_64.manylinux_2_12_x86_64.manylinux2010_x86_64.whl", hash = "sha256:89723d2112697feaa320c9d351e5f5e7b841e83f8b143dba8e2d2b5f04e10923"},
    {file = "regex-2023.12.25-cp39-cp39-musllinux_1_1_aarch64.whl", hash = "sha256:0ecf44ddf9171cd7566ef1768047f6e66975788258b1c6c6ca78098b95cf9a3d"},
    {file = "regex-2023.12.25-cp39-cp39-musllinux_1_1_i686.whl", hash = "sha256:905466ad1702ed4acfd67a902af50b8db1feeb9781436372261808df7a2a7bca"},
    {file = "regex-2023.12.25-cp39-cp39-musllinux_1_1_ppc64le.whl", hash = "sha256:4558410b7a5607a645e9804a3e9dd509af12fb72b9825b13791a37cd417d73a5"},
    {file = "regex-2023.12.25-cp39-cp39-musllinux_1_1_s390x.whl", hash = "sha256:7e316026cc1095f2a3e8cc012822c99f413b702eaa2ca5408a513609488cb62f"},
    {file = "regex-2023.12.25-cp39-cp39-musllinux_1_1_x86_64.whl", hash = "sha256:3b1de218d5375cd6ac4b5493e0b9f3df2be331e86520f23382f216c137913d20"},
    {file = "regex-2023.12.25-cp39-cp39-win32.whl", hash = "sha256:11a963f8e25ab5c61348d090bf1b07f1953929c13bd2309a0662e9ff680763c9"},
    {file = "regex-2023.12.25-cp39-cp39-win_amd64.whl", hash = "sha256:e693e233ac92ba83a87024e1d32b5f9ab15ca55ddd916d878146f4e3406b5c91"},
    {file = "regex-2023.12.25.tar.gz", hash = "sha256:29171aa128da69afdf4bde412d5bedc335f2ca8fcfe4489038577d05f16181e5"},
]

[[package]]
name = "toolz"
version = "0.12.1"
description = "List processing tools and functional utilities"
optional = false
python-versions = ">=3.7"
files = [
    {file = "toolz-0.12.1-py3-none-any.whl", hash = "sha256:d22731364c07d72eea0a0ad45bafb2c2937ab6fd38a3507bf55eae8744aa7d85"},
    {file = "toolz-0.12.1.tar.gz", hash = "sha256:ecca342664893f177a13dac0e6b41cbd8ac25a358e5f215316d43e2100224f4d"},
]

[[package]]
name = "tqdm"
version = "4.66.2"
description = "Fast, Extensible Progress Meter"
optional = false
python-versions = ">=3.7"
files = [
    {file = "tqdm-4.66.2-py3-none-any.whl", hash = "sha256:1ee4f8a893eb9bef51c6e35730cebf234d5d0b6bd112b0271e10ed7c24a02bd9"},
    {file = "tqdm-4.66.2.tar.gz", hash = "sha256:6cd52cdf0fef0e0f543299cfc96fec90d7b8a7e88745f411ec33eb44d5ed3531"},
]

[package.dependencies]
colorama = {version = "*", markers = "platform_system == \"Windows\""}

[package.extras]
dev = ["pytest (>=6)", "pytest-cov", "pytest-timeout", "pytest-xdist"]
notebook = ["ipywidgets (>=6)"]
slack = ["slack-sdk"]
telegram = ["requests"]

[metadata]
lock-version = "2.0"
python-versions = "^3.11"
content-hash = "8a42f52e46e99119b146750f482d62813f8fd0cbb8fc40e81efe7a2657e66a7f"
